
Microsoft Visual Studio Solution File, Format Version 12.00
# Visual Studio 14
VisualStudioVersion = 14.0.25420.1
MinimumVisualStudioVersion = 10.0.40219.1
Project("{FAE04EC0-301F-11D3-BF4B-00C04F79EFBC}") = "vueConsole", "vueConsole\vueConsole.csproj", "{3744D48D-EE82-4662-A4B3-7330E29F2C14}"
EndProject
Project("{FAE04EC0-301F-11D3-BF4B-00C04F79EFBC}") = "UnitTestProject1", "UnitTestProject1\UnitTestProject1.csproj", "{987B8688-E732-4999-A388-03008BB69217}"
EndProject
Project("{FAE04EC0-301F-11D3-BF4B-00C04F79EFBC}") = "ProxyNavigateur", "ProxyNavigateur\ProxyNavigateur.csproj", "{96888CB6-3184-46E0-8600-622F00C6D9C8}"
EndProject
Project("{FAE04EC0-301F-11D3-BF4B-00C04F79EFBC}") = "Rechercheur", "Rechercheur\Rechercheur.csproj", "{5396EFF4-E854-4F7E-B273-CB6A115A6018}"
EndProject
Project("{FAE04EC0-301F-11D3-BF4B-00C04F79EFBC}") = "proxy", "proxy\proxy.csproj", "{A288C14C-B98B-47A2-B130-218EA16B9961}"
EndProject
Global
	GlobalSection(SolutionConfigurationPlatforms) = preSolution
		Debug|Any CPU = Debug|Any CPU
		Release|Any CPU = Release|Any CPU
	EndGlobalSection
	GlobalSection(ProjectConfigurationPlatforms) = postSolution
		{3744D48D-EE82-4662-A4B3-7330E29F2C14}.Debug|Any CPU.ActiveCfg = Debug|Any CPU
		{3744D48D-EE82-4662-A4B3-7330E29F2C14}.Debug|Any CPU.Build.0 = Debug|Any CPU
		{3744D48D-EE82-4662-A4B3-7330E29F2C14}.Release|Any CPU.ActiveCfg = Release|Any CPU
		{3744D48D-EE82-4662-A4B3-7330E29F2C14}.Release|Any CPU.Build.0 = Release|Any CPU
		{987B8688-E732-4999-A388-03008BB69217}.Debug|Any CPU.ActiveCfg = Debug|Any CPU
		{987B8688-E732-4999-A388-03008BB69217}.Debug|Any CPU.Build.0 = Debug|Any CPU
		{987B8688-E732-4999-A388-03008BB69217}.Release|Any CPU.ActiveCfg = Release|Any CPU
		{987B8688-E732-4999-A388-03008BB69217}.Release|Any CPU.Build.0 = Release|Any CPU
		{96888CB6-3184-46E0-8600-622F00C6D9C8}.Debug|Any CPU.ActiveCfg = Debug|Any CPU
		{96888CB6-3184-46E0-8600-622F00C6D9C8}.Debug|Any CPU.Build.0 = Debug|Any CPU
		{96888CB6-3184-46E0-8600-622F00C6D9C8}.Release|Any CPU.ActiveCfg = Release|Any CPU
		{96888CB6-3184-46E0-8600-622F00C6D9C8}.Release|Any CPU.Build.0 = Release|Any CPU
		{5396EFF4-E854-4F7E-B273-CB6A115A6018}.Debug|Any CPU.ActiveCfg = Debug|Any CPU
		{5396EFF4-E854-4F7E-B273-CB6A115A6018}.Debug|Any CPU.Build.0 = Debug|Any CPU
		{5396EFF4-E854-4F7E-B273-CB6A115A6018}.Release|Any CPU.ActiveCfg = Release|Any CPU
		{5396EFF4-E854-4F7E-B273-CB6A115A6018}.Release|Any CPU.Build.0 = Release|Any CPU
		{A288C14C-B98B-47A2-B130-218EA16B9961}.Debug|Any CPU.ActiveCfg = Debug|Any CPU
		{A288C14C-B98B-47A2-B130-218EA16B9961}.Debug|Any CPU.Build.0 = Debug|Any CPU
		{A288C14C-B98B-47A2-B130-218EA16B9961}.Release|Any CPU.ActiveCfg = Release|Any CPU
		{A288C14C-B98B-47A2-B130-218EA16B9961}.Release|Any CPU.Build.0 = Release|Any CPU
	EndGlobalSection
	GlobalSection(SolutionProperties) = preSolution
		HideSolutionNode = FALSE
	EndGlobalSection
EndGlobal
