
Microsoft Visual Studio Solution File, Format Version 12.00
# Visual Studio 14
VisualStudioVersion = 14.0.25420.1
MinimumVisualStudioVersion = 10.0.40219.1
Project("{FAE04EC0-301F-11D3-BF4B-00C04F79EFBC}") = "vueConsole", "vueConsole\vueConsole.csproj", "{3744D48D-EE82-4662-A4B3-7330E29F2C14}"
EndProject
Project("{FAE04EC0-301F-11D3-BF4B-00C04F79EFBC}") = "UnitTestProject1", "UnitTestProject1\UnitTestProject1.csproj", "{987B8688-E732-4999-A388-03008BB69217}"
EndProject
Project("{FAE04EC0-301F-11D3-BF4B-00C04F79EFBC}") = "BaseDonnees", "ProxyNavigateur\BaseDonnees.csproj", "{96888CB6-3184-46E0-8600-622F00C6D9C8}"
EndProject
Project("{FAE04EC0-301F-11D3-BF4B-00C04F79EFBC}") = "Rechercheur", "Rechercheur\Rechercheur.csproj", "{5396EFF4-E854-4F7E-B273-CB6A115A6018}"
EndProject
Project("{FAE04EC0-301F-11D3-BF4B-00C04F79EFBC}") = "proxy", "proxy\proxy.csproj", "{A288C14C-B98B-47A2-B130-218EA16B9961}"
EndProject
Project("{FAE04EC0-301F-11D3-BF4B-00C04F79EFBC}") = "wsProxy", "wsProxy\wsProxy.csproj", "{2F6EFAE5-698E-4D82-A241-34AEC7424149}"
EndProject
Project("{54435603-DBB4-11D2-8724-00A0C9A8B90C}") = "Setup1", "Setup1\Setup1.vdproj", "{039C3A96-E656-4D88-9365-D3577AEBD64A}"
EndProject
Project("{FAE04EC0-301F-11D3-BF4B-00C04F79EFBC}") = "Profileur", "Profileur\Profileur.csproj", "{4404D7B7-3B5E-449F-A76F-7B23007A35AA}"
EndProject
Project("{FAE04EC0-301F-11D3-BF4B-00C04F79EFBC}") = "Configurateur", "Configurateur\Configurateur.csproj", "{90795899-18E5-4647-AD66-6264311088E9}"
EndProject
Global
	GlobalSection(SolutionConfigurationPlatforms) = preSolution
		Debug|Any CPU = Debug|Any CPU
		Debug|x86 = Debug|x86
		Release|Any CPU = Release|Any CPU
		Release|x86 = Release|x86
	EndGlobalSection
	GlobalSection(ProjectConfigurationPlatforms) = postSolution
		{3744D48D-EE82-4662-A4B3-7330E29F2C14}.Debug|Any CPU.ActiveCfg = Debug|Any CPU
		{3744D48D-EE82-4662-A4B3-7330E29F2C14}.Debug|Any CPU.Build.0 = Debug|Any CPU
		{3744D48D-EE82-4662-A4B3-7330E29F2C14}.Debug|x86.ActiveCfg = Debug|Any CPU
		{3744D48D-EE82-4662-A4B3-7330E29F2C14}.Debug|x86.Build.0 = Debug|Any CPU
		{3744D48D-EE82-4662-A4B3-7330E29F2C14}.Release|Any CPU.ActiveCfg = Release|Any CPU
		{3744D48D-EE82-4662-A4B3-7330E29F2C14}.Release|Any CPU.Build.0 = Release|Any CPU
		{3744D48D-EE82-4662-A4B3-7330E29F2C14}.Release|x86.ActiveCfg = Release|Any CPU
		{3744D48D-EE82-4662-A4B3-7330E29F2C14}.Release|x86.Build.0 = Release|Any CPU
		{987B8688-E732-4999-A388-03008BB69217}.Debug|Any CPU.ActiveCfg = Debug|Any CPU
		{987B8688-E732-4999-A388-03008BB69217}.Debug|Any CPU.Build.0 = Debug|Any CPU
		{987B8688-E732-4999-A388-03008BB69217}.Debug|x86.ActiveCfg = Debug|Any CPU
		{987B8688-E732-4999-A388-03008BB69217}.Debug|x86.Build.0 = Debug|Any CPU
		{987B8688-E732-4999-A388-03008BB69217}.Release|Any CPU.ActiveCfg = Release|Any CPU
		{987B8688-E732-4999-A388-03008BB69217}.Release|Any CPU.Build.0 = Release|Any CPU
		{987B8688-E732-4999-A388-03008BB69217}.Release|x86.ActiveCfg = Release|Any CPU
		{987B8688-E732-4999-A388-03008BB69217}.Release|x86.Build.0 = Release|Any CPU
		{96888CB6-3184-46E0-8600-622F00C6D9C8}.Debug|Any CPU.ActiveCfg = Debug|Any CPU
		{96888CB6-3184-46E0-8600-622F00C6D9C8}.Debug|Any CPU.Build.0 = Debug|Any CPU
		{96888CB6-3184-46E0-8600-622F00C6D9C8}.Debug|x86.ActiveCfg = Debug|x86
		{96888CB6-3184-46E0-8600-622F00C6D9C8}.Debug|x86.Build.0 = Debug|x86
		{96888CB6-3184-46E0-8600-622F00C6D9C8}.Release|Any CPU.ActiveCfg = Release|Any CPU
		{96888CB6-3184-46E0-8600-622F00C6D9C8}.Release|Any CPU.Build.0 = Release|Any CPU
		{96888CB6-3184-46E0-8600-622F00C6D9C8}.Release|x86.ActiveCfg = Release|x86
		{96888CB6-3184-46E0-8600-622F00C6D9C8}.Release|x86.Build.0 = Release|x86
		{5396EFF4-E854-4F7E-B273-CB6A115A6018}.Debug|Any CPU.ActiveCfg = Debug|Any CPU
		{5396EFF4-E854-4F7E-B273-CB6A115A6018}.Debug|Any CPU.Build.0 = Debug|Any CPU
		{5396EFF4-E854-4F7E-B273-CB6A115A6018}.Debug|x86.ActiveCfg = Debug|Any CPU
		{5396EFF4-E854-4F7E-B273-CB6A115A6018}.Debug|x86.Build.0 = Debug|Any CPU
		{5396EFF4-E854-4F7E-B273-CB6A115A6018}.Release|Any CPU.ActiveCfg = Release|Any CPU
		{5396EFF4-E854-4F7E-B273-CB6A115A6018}.Release|Any CPU.Build.0 = Release|Any CPU
		{5396EFF4-E854-4F7E-B273-CB6A115A6018}.Release|x86.ActiveCfg = Release|Any CPU
		{5396EFF4-E854-4F7E-B273-CB6A115A6018}.Release|x86.Build.0 = Release|Any CPU
		{A288C14C-B98B-47A2-B130-218EA16B9961}.Debug|Any CPU.ActiveCfg = Debug|Any CPU
		{A288C14C-B98B-47A2-B130-218EA16B9961}.Debug|Any CPU.Build.0 = Debug|Any CPU
		{A288C14C-B98B-47A2-B130-218EA16B9961}.Debug|x86.ActiveCfg = Debug|Any CPU
		{A288C14C-B98B-47A2-B130-218EA16B9961}.Debug|x86.Build.0 = Debug|Any CPU
		{A288C14C-B98B-47A2-B130-218EA16B9961}.Release|Any CPU.ActiveCfg = Release|Any CPU
		{A288C14C-B98B-47A2-B130-218EA16B9961}.Release|Any CPU.Build.0 = Release|Any CPU
		{A288C14C-B98B-47A2-B130-218EA16B9961}.Release|x86.ActiveCfg = Release|Any CPU
		{A288C14C-B98B-47A2-B130-218EA16B9961}.Release|x86.Build.0 = Release|Any CPU
		{2F6EFAE5-698E-4D82-A241-34AEC7424149}.Debug|Any CPU.ActiveCfg = Debug|Any CPU
		{2F6EFAE5-698E-4D82-A241-34AEC7424149}.Debug|Any CPU.Build.0 = Debug|Any CPU
		{2F6EFAE5-698E-4D82-A241-34AEC7424149}.Debug|x86.ActiveCfg = Debug|Any CPU
		{2F6EFAE5-698E-4D82-A241-34AEC7424149}.Debug|x86.Build.0 = Debug|Any CPU
		{2F6EFAE5-698E-4D82-A241-34AEC7424149}.Release|Any CPU.ActiveCfg = Release|Any CPU
		{2F6EFAE5-698E-4D82-A241-34AEC7424149}.Release|Any CPU.Build.0 = Release|Any CPU
		{2F6EFAE5-698E-4D82-A241-34AEC7424149}.Release|x86.ActiveCfg = Release|Any CPU
		{2F6EFAE5-698E-4D82-A241-34AEC7424149}.Release|x86.Build.0 = Release|Any CPU
		{039C3A96-E656-4D88-9365-D3577AEBD64A}.Debug|Any CPU.ActiveCfg = Debug
		{039C3A96-E656-4D88-9365-D3577AEBD64A}.Debug|x86.ActiveCfg = Debug
		{039C3A96-E656-4D88-9365-D3577AEBD64A}.Release|Any CPU.ActiveCfg = Release
		{039C3A96-E656-4D88-9365-D3577AEBD64A}.Release|x86.ActiveCfg = Release
		{4404D7B7-3B5E-449F-A76F-7B23007A35AA}.Debug|Any CPU.ActiveCfg = Debug|Any CPU
		{4404D7B7-3B5E-449F-A76F-7B23007A35AA}.Debug|Any CPU.Build.0 = Debug|Any CPU
		{4404D7B7-3B5E-449F-A76F-7B23007A35AA}.Debug|x86.ActiveCfg = Debug|Any CPU
		{4404D7B7-3B5E-449F-A76F-7B23007A35AA}.Debug|x86.Build.0 = Debug|Any CPU
		{4404D7B7-3B5E-449F-A76F-7B23007A35AA}.Release|Any CPU.ActiveCfg = Release|Any CPU
		{4404D7B7-3B5E-449F-A76F-7B23007A35AA}.Release|Any CPU.Build.0 = Release|Any CPU
		{4404D7B7-3B5E-449F-A76F-7B23007A35AA}.Release|x86.ActiveCfg = Release|Any CPU
		{4404D7B7-3B5E-449F-A76F-7B23007A35AA}.Release|x86.Build.0 = Release|Any CPU
		{90795899-18E5-4647-AD66-6264311088E9}.Debug|Any CPU.ActiveCfg = Debug|Any CPU
		{90795899-18E5-4647-AD66-6264311088E9}.Debug|Any CPU.Build.0 = Debug|Any CPU
		{90795899-18E5-4647-AD66-6264311088E9}.Debug|x86.ActiveCfg = Debug|Any CPU
		{90795899-18E5-4647-AD66-6264311088E9}.Debug|x86.Build.0 = Debug|Any CPU
		{90795899-18E5-4647-AD66-6264311088E9}.Release|Any CPU.ActiveCfg = Release|Any CPU
		{90795899-18E5-4647-AD66-6264311088E9}.Release|Any CPU.Build.0 = Release|Any CPU
		{90795899-18E5-4647-AD66-6264311088E9}.Release|x86.ActiveCfg = Release|Any CPU
		{90795899-18E5-4647-AD66-6264311088E9}.Release|x86.Build.0 = Release|Any CPU
	EndGlobalSection
	GlobalSection(SolutionProperties) = preSolution
		HideSolutionNode = FALSE
	EndGlobalSection
EndGlobal
